
Microsoft Visual Studio Solution File, Format Version 12.00
# Visual Studio 15
VisualStudioVersion = 15.0.28307.572
MinimumVisualStudioVersion = 10.0.40219.1
Project("{8BC9CEB8-8B4A-11D0-8D11-00A0C91BC942}") = "Project21", "Project21\Project21.vcxproj", "{D862EC29-3F5C-4E9D-8042-392C4C009F50}"
EndProject
Global
	GlobalSection(SolutionConfigurationPlatforms) = preSolution
		Debug|x64 = Debug|x64
		Debug|x86 = Debug|x86
		Release|x64 = Release|x64
		Release|x86 = Release|x86
	EndGlobalSection
	GlobalSection(ProjectConfigurationPlatforms) = postSolution
		{D862EC29-3F5C-4E9D-8042-392C4C009F50}.Debug|x64.ActiveCfg = Debug|x64
		{D862EC29-3F5C-4E9D-8042-392C4C009F50}.Debug|x64.Build.0 = Debug|x64
		{D862EC29-3F5C-4E9D-8042-392C4C009F50}.Debug|x86.ActiveCfg = Debug|Win32
		{D862EC29-3F5C-4E9D-8042-392C4C009F50}.Debug|x86.Build.0 = Debug|Win32
		{D862EC29-3F5C-4E9D-8042-392C4C009F50}.Release|x64.ActiveCfg = Release|x64
		{D862EC29-3F5C-4E9D-8042-392C4C009F50}.Release|x64.Build.0 = Release|x64
		{D862EC29-3F5C-4E9D-8042-392C4C009F50}.Release|x86.ActiveCfg = Release|Win32
		{D862EC29-3F5C-4E9D-8042-392C4C009F50}.Release|x86.Build.0 = Release|Win32
	EndGlobalSection
	GlobalSection(SolutionProperties) = preSolution
		HideSolutionNode = FALSE
	EndGlobalSection
	GlobalSection(ExtensibilityGlobals) = postSolution
		SolutionGuid = {A9D78C8F-581D-456D-A58A-8E5E18D8BFFF}
	EndGlobalSection
EndGlobal
